# This file is autogenerated, do not edit; changes may be undone by the next 'dep ensure'.


[[projects]]
  branch = "master"
  name = "github.com/google/go-querystring"
  packages = ["query"]
  revision = "53e6ce116135b80d037921a7fdd5138cf32d7a8a"

[[projects]]
  branch = "master"
  name = "github.com/irlndts/go-apirequest"
  packages = ["."]
  revision = "f1d4a7b1a0d999f41b6b47349ff4a87dd848679d"

[[projects]]
  name = "github.com/irlndts/go-discogs"
  packages = ["."]
  revision = "4e7c6c065aff6ba94828207c0629a470cefa2d34"
  version = "0.0.3"

[[projects]]
  name = "github.com/robdimsdale/wl"
  packages = [".","logger","oauth"]
  revision = "8d3c6d946b94e9dc0a58b5fc6f5a2a55590e99f4"
  version = "v1.2.4"

[solve-meta]
  analyzer-name = "dep"
  analyzer-version = 1
  inputs-digest = "f1884cf72eed661f5eb29dc781878d022c676f1e380736d749fc8c9d4df131fd"
  solver-name = "gps-cdcl"
  solver-version = 1
